[[package]]
name = "dateutils"
version = "0.6.12"
description = "Various utilities for working with date and datetime objects"
category = "main"
optional = false
python-versions = "*"

[package.dependencies]
python-dateutil = "*"
pytz = "*"

[[package]]
name = "nsetools"
version = "1.0.11"
description = "Python library for extracting realtime data from National Stock Exchange"
category = "main"
optional = false
python-versions = "*"

[package.dependencies]
dateutils = "*"
six = "*"

[[package]]
name = "python-dateutil"
version = "2.8.1"
description = "Extensions to the standard Python datetime module"
category = "main"
optional = false
python-versions = "!=3.0.*,!=3.1.*,!=3.2.*,>=2.7"

[package.dependencies]
six = ">=1.5"

[[package]]
name = "pytz"
version = "2020.5"
description = "World timezone definitions, modern and historical"
category = "main"
optional = false
python-versions = "*"

[[package]]
name = "six"
version = "1.15.0"
description = "Python 2 and 3 compatibility utilities"
category = "main"
optional = false
python-versions = ">=2.7, !=3.0.*, !=3.1.*, !=3.2.*"

[metadata]
lock-version = "1.1"
python-versions = "^3.6"
content-hash = "aeec229c8be9ff3d3220c12c75f96c1ae057bb4e133da40cec283c06611bd2db"

[metadata.files]
dateutils = [
    {file = "dateutils-0.6.12-py2.py3-none-any.whl", hash = "sha256:f33b6ab430fa4166e7e9cb8b21ee9f6c9843c48df1a964466f52c79b2a8d53b3"},
    {file = "dateutils-0.6.12.tar.gz", hash = "sha256:03dd90bcb21541bd4eb4b013637e4f1b5f944881c46cc6e4b67a6059e370e3f1"},
]
nsetools = [
    {file = "nsetools-1.0.11-py3-none-any.whl", hash = "sha256:45499a8bb0237b97fa942d16c9fa1b53825f0c606ce3fb04b74d77f7f42623fb"},
]
python-dateutil = [
    {file = "python-dateutil-2.8.1.tar.gz", hash = "sha256:73ebfe9dbf22e832286dafa60473e4cd239f8592f699aa5adaf10050e6e1823c"},
    {file = "python_dateutil-2.8.1-py2.py3-none-any.whl", hash = "sha256:75bb3f31ea686f1197762692a9ee6a7550b59fc6ca3a1f4b5d7e32fb98e2da2a"},
]
pytz = [
    {file = "pytz-2020.5-py2.py3-none-any.whl", hash = "sha256:16962c5fb8db4a8f63a26646d8886e9d769b6c511543557bc84e9569fb9a9cb4"},
    {file = "pytz-2020.5.tar.gz", hash = "sha256:180befebb1927b16f6b57101720075a984c019ac16b1b7575673bea42c6c3da5"},
]
six = [
    {file = "six-1.15.0-py2.py3-none-any.whl", hash = "sha256:8b74bedcbbbaca38ff6d7491d76f2b06b3592611af620f8426e82dddb04a5ced"},
    {file = "six-1.15.0.tar.gz", hash = "sha256:30639c035cdb23534cd4aa2dd52c3bf48f06e5f4a941509c8bafd8ce11080259"},
]
